
Microsoft Visual Studio Solution File, Format Version 12.00
# Visual Studio Version 17
VisualStudioVersion = 17.0.32014.148
MinimumVisualStudioVersion = 10.0.40219.1
Project("{9A19103F-16F7-4668-BE54-9A1E7A4F7556}") = "PokemonApp", "PokemonApp\PokemonApp.csproj", "{7DC961FE-220D-4D4D-8FE3-00CB15BCD432}"
EndProject
Project("{9A19103F-16F7-4668-BE54-9A1E7A4F7556}") = "PokemonApp.Test.Unit", "PokemonApp.Test.Unit\PokemonApp.Test.Unit.csproj", "{CC7FD0E9-3253-45EA-A66E-BC3DB1477F4A}"
EndProject
Project("{E53339B2-1760-4266-BCC7-CA923CBCF16C}") = "docker-compose", "docker-compose.dcproj", "{0AF5F40A-263D-45BA-8D65-058850184B9B}"
EndProject
Global
	GlobalSection(SolutionConfigurationPlatforms) = preSolution
		Debug|Any CPU = Debug|Any CPU
		Release|Any CPU = Release|Any CPU
	EndGlobalSection
	GlobalSection(ProjectConfigurationPlatforms) = postSolution
		{7DC961FE-220D-4D4D-8FE3-00CB15BCD432}.Debug|Any CPU.ActiveCfg = Debug|Any CPU
		{7DC961FE-220D-4D4D-8FE3-00CB15BCD432}.Debug|Any CPU.Build.0 = Debug|Any CPU
		{7DC961FE-220D-4D4D-8FE3-00CB15BCD432}.Release|Any CPU.ActiveCfg = Release|Any CPU
		{7DC961FE-220D-4D4D-8FE3-00CB15BCD432}.Release|Any CPU.Build.0 = Release|Any CPU
		{CC7FD0E9-3253-45EA-A66E-BC3DB1477F4A}.Debug|Any CPU.ActiveCfg = Debug|Any CPU
		{CC7FD0E9-3253-45EA-A66E-BC3DB1477F4A}.Debug|Any CPU.Build.0 = Debug|Any CPU
		{CC7FD0E9-3253-45EA-A66E-BC3DB1477F4A}.Release|Any CPU.ActiveCfg = Release|Any CPU
		{CC7FD0E9-3253-45EA-A66E-BC3DB1477F4A}.Release|Any CPU.Build.0 = Release|Any CPU
		{0AF5F40A-263D-45BA-8D65-058850184B9B}.Debug|Any CPU.ActiveCfg = Debug|Any CPU
		{0AF5F40A-263D-45BA-8D65-058850184B9B}.Debug|Any CPU.Build.0 = Debug|Any CPU
		{0AF5F40A-263D-45BA-8D65-058850184B9B}.Release|Any CPU.ActiveCfg = Release|Any CPU
		{0AF5F40A-263D-45BA-8D65-058850184B9B}.Release|Any CPU.Build.0 = Release|Any CPU
	EndGlobalSection
	GlobalSection(SolutionProperties) = preSolution
		HideSolutionNode = FALSE
	EndGlobalSection
	GlobalSection(ExtensibilityGlobals) = postSolution
		SolutionGuid = {3D547D60-D8E7-41BE-B2AE-A687018DEAFE}
	EndGlobalSection
EndGlobal
